{
  "name": "ritoras",
  "lockfileVersion": 3,
  "requires": true,
  "packages": {
    "": {
      "dependencies": {
        "xcodegen": "^2.2.0"
      }
    },
    "node_modules/xcodegen": {
      "version": "2.2.0",
      "resolved": "https://registry.npmjs.org/xcodegen/-/xcodegen-2.2.0.tgz",
      "integrity": "sha512-9PAcIZ06evEs/PKNFdiCHjO7ctLf7E9DSCIdd8cHWG8nVm40QotXBUNJgMbesTz+Y5muZKps3oJRBK2A0ko88A==",
      "license": "MIT",
      "bin": {
        "xcodegen": "bin/xcodegen"
      }
    }
  }
}
